
Microsoft Visual Studio Solution File, Format Version 12.00
# Visual Studio 2015
Project("{FAE04EC0-301F-11D3-BF4B-00C04F79EFBC}") = "star_wars_ships.CSharp.Plugins", "star_wars_ships.CSharp.Plugins.csproj", "{E091DFD9-D0B8-A49E-C3AC-12C60D7C468F}"
EndProject
Project("{FAE04EC0-301F-11D3-BF4B-00C04F79EFBC}") = "star_wars_ships.CSharp", "star_wars_ships.CSharp.csproj", "{A08F4D11-DFC1-A1CA-9B54-B6974217A22B}"
EndProject
Project("{FAE04EC0-301F-11D3-BF4B-00C04F79EFBC}") = "star_wars_ships.CSharp.Editor", "star_wars_ships.CSharp.Editor.csproj", "{BD486929-F828-4BDC-B260-6BE80CAD743D}"
EndProject
Global
	GlobalSection(SolutionConfigurationPlatforms) = preSolution
		Debug|Any CPU = Debug|Any CPU
		Release|Any CPU = Release|Any CPU
	EndGlobalSection
	GlobalSection(ProjectConfigurationPlatforms) = postSolution
		{E091DFD9-D0B8-A49E-C3AC-12C60D7C468F}.Debug|Any CPU.ActiveCfg = Debug|Any CPU
		{E091DFD9-D0B8-A49E-C3AC-12C60D7C468F}.Debug|Any CPU.Build.0 = Debug|Any CPU
		{E091DFD9-D0B8-A49E-C3AC-12C60D7C468F}.Release|Any CPU.ActiveCfg = Release|Any CPU
		{E091DFD9-D0B8-A49E-C3AC-12C60D7C468F}.Release|Any CPU.Build.0 = Release|Any CPU
		{A08F4D11-DFC1-A1CA-9B54-B6974217A22B}.Debug|Any CPU.ActiveCfg = Debug|Any CPU
		{A08F4D11-DFC1-A1CA-9B54-B6974217A22B}.Debug|Any CPU.Build.0 = Debug|Any CPU
		{A08F4D11-DFC1-A1CA-9B54-B6974217A22B}.Release|Any CPU.ActiveCfg = Release|Any CPU
		{A08F4D11-DFC1-A1CA-9B54-B6974217A22B}.Release|Any CPU.Build.0 = Release|Any CPU
		{BD486929-F828-4BDC-B260-6BE80CAD743D}.Debug|Any CPU.ActiveCfg = Debug|Any CPU
		{BD486929-F828-4BDC-B260-6BE80CAD743D}.Debug|Any CPU.Build.0 = Debug|Any CPU
		{BD486929-F828-4BDC-B260-6BE80CAD743D}.Release|Any CPU.ActiveCfg = Release|Any CPU
		{BD486929-F828-4BDC-B260-6BE80CAD743D}.Release|Any CPU.Build.0 = Release|Any CPU
	EndGlobalSection
	GlobalSection(SolutionProperties) = preSolution
		HideSolutionNode = FALSE
	EndGlobalSection
EndGlobal
